// !$*UTF8*$!
{
	archiveVersion = 1;
	classes = {
	};
	objectVersion = 46;
	objects = {

/* Begin PBXBuildFile section */
		9CA1CB911C2A0E740061E1EC /* UIView+CLKeyboardOffsetView.m in Sources */ = {isa = PBXBuildFile; fileRef = 9CA1CB901C2A0E740061E1EC /* UIView+CLKeyboardOffsetView.m */; };
		9CE90DD51C298B9E009BA716 /* main.m in Sources */ = {isa = PBXBuildFile; fileRef = 9CE90DD41C298B9E009BA716 /* main.m */; };
		9CE90DD81C298B9E009BA716 /* AppDelegate.m in Sources */ = {isa = PBXBuildFile; fileRef = 9CE90DD71C298B9E009BA716 /* AppDelegate.m */; };
		9CE90DDB1C298B9E009BA716 /* ViewController.m in Sources */ = {isa = PBXBuildFile; fileRef = 9CE90DDA1C298B9E009BA716 /* ViewController.m */; };
		9CE90DDE1C298B9E009BA716 /* Main.storyboard in Resources */ = {isa = PBXBuildFile; fileRef = 9CE90DDC1C298B9E009BA716 /* Main.storyboard */; };
		9CE90DE01C298B9E009BA716 /* Assets.xcassets in Resources */ = {isa = PBXBuildFile; fileRef = 9CE90DDF1C298B9E009BA716 /* Assets.xcassets */; };
		9CE90DE31C298B9E009BA716 /* LaunchScreen.storyboard in Resources */ = {isa = PBXBuildFile; fileRef = 9CE90DE11C298B9E009BA716 /* LaunchScreen.storyboard */; };
/* End PBXBuildFile section */

/* Begin PBXFileReference section */
		9CA1CB8F1C2A0E740061E1EC /* UIView+CLKeyboardOffsetView.h */ = {isa = PBXFileReference; fileEncoding = 4; lastKnownFileType = sourcecode.c.h; name = "UIView+CLKeyboardOffsetView.h"; path = "CLKeyboardOffsetView/UIView+CLKeyboardOffsetView.h"; sourceTree = "<group>"; };
		9CA1CB901C2A0E740061E1EC /* UIView+CLKeyboardOffsetView.m */ = {isa = PBXFileReference; fileEncoding = 4; lastKnownFileType = sourcecode.c.objc; name = "UIView+CLKeyboardOffsetView.m"; path = "CLKeyboardOffsetView/UIView+CLKeyboardOffsetView.m"; sourceTree = "<group>"; };
		9CE90DD01C298B9E009BA716 /* CLKeyboardOffsetView.app */ = {isa = PBXFileReference; explicitFileType = wrapper.application; includeInIndex = 0; path = CLKeyboardOffsetView.app; sourceTree = BUILT_PRODUCTS_DIR; };
		9CE90DD41C298B9E009BA716 /* main.m */ = {isa = PBXFileReference; lastKnownFileType = sourcecode.c.objc; path = main.m; sourceTree = "<group>"; };
		9CE90DD61C298B9E009BA716 /* AppDelegate.h */ = {isa = PBXFileReference; lastKnownFileType = sourcecode.c.h; path = AppDelegate.h; sourceTree = "<group>"; };
		9CE90DD71C298B9E009BA716 /* AppDelegate.m */ = {isa = PBXFileReference; lastKnownFileType = sourcecode.c.objc; path = AppDelegate.m; sourceTree = "<group>"; };
		9CE90DD91C298B9E009BA716 /* ViewController.h */ = {isa = PBXFileReference; lastKnownFileType = sourcecode.c.h; path = ViewController.h; sourceTree = "<group>"; };
		9CE90DDA1C298B9E009BA716 /* ViewController.m */ = {isa = PBXFileReference; lastKnownFileType = sourcecode.c.objc; path = ViewController.m; sourceTree = "<group>"; };
		9CE90DDD1C298B9E009BA716 /* Base */ = {isa = PBXFileReference; lastKnownFileType = file.storyboard; name = Base; path = Base.lproj/Main.storyboard; sourceTree = "<group>"; };
		9CE90DDF1C298B9E009BA716 /* Assets.xcassets */ = {isa = PBXFileReference; lastKnownFileType = folder.assetcatalog; path = Assets.xcassets; sourceTree = "<group>"; };
		9CE90DE21C298B9E009BA716 /* Base */ = {isa = PBXFileReference; lastKnownFileType = file.storyboard; name = Base; path = Base.lproj/LaunchScreen.storyboard; sourceTree = "<group>"; };
		9CE90DE41C298B9E009BA716 /* Info.plist */ = {isa = PBXFileReference; lastKnownFileType = text.plist.xml; path = Info.plist; sourceTree = "<group>"; };
/* End PBXFileReference section */

/* Begin PBXFrameworksBuildPhase section */
		9CE90DCD1C298B9E009BA716 /* Frameworks */ = {
			isa = PBXFrameworksBuildPhase;
			buildActionMask = 2147483647;
			files = (
			);
			runOnlyForDeploymentPostprocessing = 0;
		};
/* End PBXFrameworksBuildPhase section */

/* Begin PBXGroup section */
		9CE90DC71C298B9E009BA716 = {
			isa = PBXGroup;
			children = (
				9CE90DD21C298B9E009BA716 /* CLKeyboardOffsetView */,
				9CE90DD11C298B9E009BA716 /* Products */,
			);
			sourceTree = "<group>";
		};
		9CE90DD11C298B9E009BA716 /* Products */ = {
			isa = PBXGroup;
			children = (
				9CE90DD01C298B9E009BA716 /* CLKeyboardOffsetView.app */,
			);
			name = Products;
			sourceTree = "<group>";
		};
		9CE90DD21C298B9E009BA716 /* CLKeyboardOffsetView */ = {
			isa = PBXGroup;
			children = (
				9CE90DEA1C298C1C009BA716 /* CLKeyboardOffsetView */,
				9CE90DD61C298B9E009BA716 /* AppDelegate.h */,
				9CE90DD71C298B9E009BA716 /* AppDelegate.m */,
				9CE90DD91C298B9E009BA716 /* ViewController.h */,
				9CE90DDA1C298B9E009BA716 /* ViewController.m */,
				9CE90DDC1C298B9E009BA716 /* Main.storyboard */,
				9CE90DDF1C298B9E009BA716 /* Assets.xcassets */,
				9CE90DE11C298B9E009BA716 /* LaunchScreen.storyboard */,
				9CE90DE41C298B9E009BA716 /* Info.plist */,
				9CE90DD31C298B9E009BA716 /* Supporting Files */,
			);
			path = CLKeyboardOffsetView;
			sourceTree = "<group>";
		};
		9CE90DD31C298B9E009BA716 /* Supporting Files */ = {
			isa = PBXGroup;
			children = (
				9CE90DD41C298B9E009BA716 /* main.m */,
			);
			name = "Supporting Files";
			sourceTree = "<group>";
		};
		9CE90DEA1C298C1C009BA716 /* CLKeyboardOffsetView */ = {
			isa = PBXGroup;
			children = (
				9CA1CB8F1C2A0E740061E1EC /* UIView+CLKeyboardOffsetView.h */,
				9CA1CB901C2A0E740061E1EC /* UIView+CLKeyboardOffsetView.m */,
			);
			name = CLKeyboardOffsetView;
			sourceTree = "<group>";
		};
/* End PBXGroup section */

/* Begin PBXNativeTarget section */
		9CE90DCF1C298B9E009BA716 /* CLKeyboardOffsetView */ = {
			isa = PBXNativeTarget;
			buildConfigurationList = 9CE90DE71C298B9E009BA716 /* Build configuration list for PBXNativeTarget "CLKeyboardOffsetView" */;
			buildPhases = (
				9CE90DCC1C298B9E009BA716 /* Sources */,
				9CE90DCD1C298B9E009BA716 /* Frameworks */,
				9CE90DCE1C298B9E009BA716 /* Resources */,
			);
			buildRules = (
			);
			dependencies = (
			);
			name = CLKeyboardOffsetView;
			productName = CLKeyboardOffsetView;
			productReference = 9CE90DD01C298B9E009BA716 /* CLKeyboardOffsetView.app */;
			productType = "com.apple.product-type.application";
		};
/* End PBXNativeTarget section */

/* Begin PBXProject section */
		9CE90DC81C298B9E009BA716 /* Project object */ = {
			isa = PBXProject;
			attributes = {
				LastUpgradeCheck = 0720;
				ORGANIZATIONNAME = "李辉";
				TargetAttributes = {
					9CE90DCF1C298B9E009BA716 = {
						CreatedOnToolsVersion = 7.2;
						DevelopmentTeam = 3V778BRDYP;
					};
				};
			};
			buildConfigurationList = 9CE90DCB1C298B9E009BA716 /* Build configuration list for PBXProject "CLKeyboardOffsetView" */;
			compatibilityVersion = "Xcode 3.2";
			developmentRegion = English;
			hasScannedForEncodings = 0;
			knownRegions = (
				en,
				Base,
			);
			mainGroup = 9CE90DC71C298B9E009BA716;
			productRefGroup = 9CE90DD11C298B9E009BA716 /* Products */;
			projectDirPath = "";
			projectRoot = "";
			targets = (
				9CE90DCF1C298B9E009BA716 /* CLKeyboardOffsetView */,
			);
		};
/* End PBXProject section */

/* Begin PBXResourcesBuildPhase section */
		9CE90DCE1C298B9E009BA716 /* Resources */ = {
			isa = PBXResourcesBuildPhase;
			buildActionMask = 2147483647;
			files = (
				9CE90DE31C298B9E009BA716 /* LaunchScreen.storyboard in Resources */,
				9CE90DE01C298B9E009BA716 /* Assets.xcassets in Resources */,
				9CE90DDE1C298B9E009BA716 /* Main.storyboard in Resources */,
			);
			runOnlyForDeploymentPostprocessing = 0;
		};
/* End PBXResourcesBuildPhase section */

/* Begin PBXSourcesBuildPhase section */
		9CE90DCC1C298B9E009BA716 /* Sources */ = {
			isa = PBXSourcesBuildPhase;
			buildActionMask = 2147483647;
			files = (
				9CE90DDB1C298B9E009BA716 /* ViewController.m in Sources */,
				9CE90DD81C298B9E009BA716 /* AppDelegate.m in Sources */,
				9CE90DD51C298B9E009BA716 /* main.m in Sources */,
				9CA1CB911C2A0E740061E1EC /* UIView+CLKeyboardOffsetView.m in Sources */,
			);
			runOnlyForDeploymentPostprocessing = 0;
		};
/* End PBXSourcesBuildPhase section */

/* Begin PBXVariantGroup section */
		9CE90DDC1C298B9E009BA716 /* Main.storyboard */ = {
			isa = PBXVariantGroup;
			children = (
				9CE90DDD1C298B9E009BA716 /* Base */,
			);
			name = Main.storyboard;
			sourceTree = "<group>";
		};
		9CE90DE11C298B9E009BA716 /* LaunchScreen.storyboard */ = {
			isa = PBXVariantGroup;
			children = (
				9CE90DE21C298B9E009BA716 /* Base */,
			);
			name = LaunchScreen.storyboard;
			sourceTree = "<group>";
		};
/* End PBXVariantGroup section */

/* Begin XCBuildConfiguration section */
		9CE90DE51C298B9E009BA716 /* Debug */ = {
			isa = XCBuildConfiguration;
			buildSettings = {
				ALWAYS_SEARCH_USER_PATHS = NO;
				CLANG_CXX_LANGUAGE_STANDARD = "gnu++0x";
				CLANG_CXX_LIBRARY = "libc++";
				CLANG_ENABLE_MODULES = YES;
				CLANG_ENABLE_OBJC_ARC = YES;
				CLANG_WARN_BOOL_CONVERSION = YES;
				CLANG_WARN_CONSTANT_CONVERSION = YES;
				CLANG_WARN_DIRECT_OBJC_ISA_USAGE = YES_ERROR;
				CLANG_WARN_EMPTY_BODY = YES;
				CLANG_WARN_ENUM_CONVERSION = YES;
				CLANG_WARN_INT_CONVERSION = YES;
				CLANG_WARN_OBJC_ROOT_CLASS = YES_ERROR;
				CLANG_WARN_UNREACHABLE_CODE = YES;
				CLANG_WARN__DUPLICATE_METHOD_MATCH = YES;
				"CODE_SIGN_IDENTITY[sdk=iphoneos*]" = "iPhone Developer";
				COPY_PHASE_STRIP = NO;
				DEBUG_INFORMATION_FORMAT = dwarf;
				ENABLE_STRICT_OBJC_MSGSEND = YES;
				ENABLE_TESTABILITY = YES;
				GCC_C_LANGUAGE_STANDARD = gnu99;
				GCC_DYNAMIC_NO_PIC = NO;
				GCC_NO_COMMON_BLOCKS = YES;
				GCC_OPTIMIZATION_LEVEL = 0;
				GCC_PREPROCESSOR_DEFINITIONS = (
					"DEBUG=1",
					"$(inherited)",
				);
				GCC_WARN_64_TO_32_BIT_CONVERSION = YES;
				GCC_WARN_ABOUT_RETURN_TYPE = YES_ERROR;
				GCC_WARN_UNDECLARED_SELECTOR = YES;
				GCC_WARN_UNINITIALIZED_AUTOS = YES_AGGRESSIVE;
				GCC_WARN_UNUSED_FUNCTION = YES;
				GCC_WARN_UNUSED_VARIABLE = YES;
				IPHONEOS_DEPLOYMENT_TARGET = 9.2;
				MTL_ENABLE_DEBUG_INFO = YES;
				ONLY_ACTIVE_ARCH = YES;
				SDKROOT = iphoneos;
				TARGETED_DEVICE_FAMILY = "1,2";
			};
			name = Debug;
		};
		9CE90DE61C298B9E009BA716 /* Release */ = {
			isa = XCBuildConfiguration;
			buildSettings = {
				ALWAYS_SEARCH_USER_PATHS = NO;
				CLANG_CXX_LANGUAGE_STANDARD = "gnu++0x";
				CLANG_CXX_LIBRARY = "libc++";
				CLANG_ENABLE_MODULES = YES;
				CLANG_ENABLE_OBJC_ARC = YES;
				CLANG_WARN_BOOL_CONVERSION = YES;
				CLANG_WARN_CONSTANT_CONVERSION = YES;
				CLANG_WARN_DIRECT_OBJC_ISA_USAGE = YES_ERROR;
				CLANG_WARN_EMPTY_BODY = YES;
				CLANG_WARN_ENUM_CONVERSION = YES;
				CLANG_WARN_INT_CONVERSION = YES;
				CLANG_WARN_OBJC_ROOT_CLASS = YES_ERROR;
				CLANG_WARN_UNREACHABLE_CODE = YES;
				CLANG_WARN__DUPLICATE_METHOD_MATCH = YES;
				"CODE_SIGN_IDENTITY[sdk=iphoneos*]" = "iPhone Developer";
				COPY_PHASE_STRIP = NO;
				DEBUG_INFORMATION_FORMAT = "dwarf-with-dsym";
				ENABLE_NS_ASSERTIONS = NO;
				ENABLE_STRICT_OBJC_MSGSEND = YES;
				GCC_C_LANGUAGE_STANDARD = gnu99;
				GCC_NO_COMMON_BLOCKS = YES;
				GCC_WARN_64_TO_32_BIT_CONVERSION = YES;
				GCC_WARN_ABOUT_RETURN_TYPE = YES_ERROR;
				GCC_WARN_UNDECLARED_SELECTOR = YES;
				GCC_WARN_UNINITIALIZED_AUTOS = YES_AGGRESSIVE;
				GCC_WARN_UNUSED_FUNCTION = YES;
				GCC_WARN_UNUSED_VARIABLE = YES;
				IPHONEOS_DEPLOYMENT_TARGET = 9.2;
				MTL_ENABLE_DEBUG_INFO = NO;
				SDKROOT = iphoneos;
				TARGETED_DEVICE_FAMILY = "1,2";
				VALIDATE_PRODUCT = YES;
			};
			name = Release;
		};
		9CE90DE81C298B9E009BA716 /* Debug */ = {
			isa = XCBuildConfiguration;
			buildSettings = {
				ASSETCATALOG_COMPILER_APPICON_NAME = AppIcon;
				CODE_SIGN_IDENTITY = "iPhone Developer";
				INFOPLIST_FILE = CLKeyboardOffsetView/Info.plist;
				LD_RUNPATH_SEARCH_PATHS = "$(inherited) @executable_path/Frameworks";
				PRODUCT_BUNDLE_IDENTIFIER = ChangeLee.CLKeyboardOffsetView;
				PRODUCT_NAME = "$(TARGET_NAME)";
			};
			name = Debug;
		};
		9CE90DE91C298B9E009BA716 /* Release */ = {
			isa = XCBuildConfiguration;
			buildSettings = {
				ASSETCATALOG_COMPILER_APPICON_NAME = AppIcon;
				CODE_SIGN_IDENTITY = "iPhone Developer";
				INFOPLIST_FILE = CLKeyboardOffsetView/Info.plist;
				LD_RUNPATH_SEARCH_PATHS = "$(inherited) @executable_path/Frameworks";
				PRODUCT_BUNDLE_IDENTIFIER = ChangeLee.CLKeyboardOffsetView;
				PRODUCT_NAME = "$(TARGET_NAME)";
			};
			name = Release;
		};
/* End XCBuildConfiguration section */

/* Begin XCConfigurationList section */
		9CE90DCB1C298B9E009BA716 /* Build configuration list for PBXProject "CLKeyboardOffsetView" */ = {
			isa = XCConfigurationList;
			buildConfigurations = (
				9CE90DE51C298B9E009BA716 /* Debug */,
				9CE90DE61C298B9E009BA716 /* Release */,
			);
			defaultConfigurationIsVisible = 0;
			defaultConfigurationName = Release;
		};
		9CE90DE71C298B9E009BA716 /* Build configuration list for PBXNativeTarget "CLKeyboardOffsetView" */ = {
			isa = XCConfigurationList;
			buildConfigurations = (
				9CE90DE81C298B9E009BA716 /* Debug */,
				9CE90DE91C298B9E009BA716 /* Release */,
			);
			defaultConfigurationIsVisible = 0;
			defaultConfigurationName = Release;
		};
/* End XCConfigurationList section */
	};
	rootObject = 9CE90DC81C298B9E009BA716 /* Project object */;
}
